// !$*UTF8*$!
{
	archiveVersion = 1;
	classes = {
	};
	objectVersion = 46;
	objects = {

/* Begin PBXBuildFile section */
		2F32AFBA1F669ADE004E5817 /* main.m in Sources */ = {isa = PBXBuildFile; fileRef = 2F32AFB91F669ADE004E5817 /* main.m */; };
		2F32AFBD1F669ADE004E5817 /* AppDelegate.m in Sources */ = {isa = PBXBuildFile; fileRef = 2F32AFBC1F669ADE004E5817 /* AppDelegate.m */; };
		2F32AFC01F669ADE004E5817 /* ViewController.m in Sources */ = {isa = PBXBuildFile; fileRef = 2F32AFBF1F669ADE004E5817 /* ViewController.m */; };
		2F32AFC31F669ADE004E5817 /* Main.storyboard in Resources */ = {isa = PBXBuildFile; fileRef = 2F32AFC11F669ADE004E5817 /* Main.storyboard */; };
		2F32AFC51F669ADE004E5817 /* Assets.xcassets in Resources */ = {isa = PBXBuildFile; fileRef = 2F32AFC41F669ADE004E5817 /* Assets.xcassets */; };
		2F32AFC81F669ADE004E5817 /* LaunchScreen.storyboard in Resources */ = {isa = PBXBuildFile; fileRef = 2F32AFC61F669ADE004E5817 /* LaunchScreen.storyboard */; };
		2F32AFD31F669ADE004E5817 /* beyourdimTests.m in Sources */ = {isa = PBXBuildFile; fileRef = 2F32AFD21F669ADE004E5817 /* beyourdimTests.m */; };
		2F32AFDE1F669ADE004E5817 /* beyourdimUITests.m in Sources */ = {isa = PBXBuildFile; fileRef = 2F32AFDD1F669ADE004E5817 /* beyourdimUITests.m */; };
/* End PBXBuildFile section */

/* Begin PBXContainerItemProxy section */
		2F32AFCF1F669ADE004E5817 /* PBXContainerItemProxy */ = {
			isa = PBXContainerItemProxy;
			containerPortal = 2F32AFAD1F669ADE004E5817 /* Project object */;
			proxyType = 1;
			remoteGlobalIDString = 2F32AFB41F669ADE004E5817;
			remoteInfo = beyourdim;
		};
		2F32AFDA1F669ADE004E5817 /* PBXContainerItemProxy */ = {
			isa = PBXContainerItemProxy;
			containerPortal = 2F32AFAD1F669ADE004E5817 /* Project object */;
			proxyType = 1;
			remoteGlobalIDString = 2F32AFB41F669ADE004E5817;
			remoteInfo = beyourdim;
		};
/* End PBXContainerItemProxy section */

/* Begin PBXFileReference section */
		2F32AFB51F669ADE004E5817 /* beyourdim.app */ = {isa = PBXFileReference; explicitFileType = wrapper.application; includeInIndex = 0; path = beyourdim.app; sourceTree = BUILT_PRODUCTS_DIR; };
		2F32AFB91F669ADE004E5817 /* main.m */ = {isa = PBXFileReference; lastKnownFileType = sourcecode.c.objc; path = main.m; sourceTree = "<group>"; };
		2F32AFBB1F669ADE004E5817 /* AppDelegate.h */ = {isa = PBXFileReference; lastKnownFileType = sourcecode.c.h; path = AppDelegate.h; sourceTree = "<group>"; };
		2F32AFBC1F669ADE004E5817 /* AppDelegate.m */ = {isa = PBXFileReference; lastKnownFileType = sourcecode.c.objc; path = AppDelegate.m; sourceTree = "<group>"; };
		2F32AFBE1F669ADE004E5817 /* ViewController.h */ = {isa = PBXFileReference; lastKnownFileType = sourcecode.c.h; path = ViewController.h; sourceTree = "<group>"; };
		2F32AFBF1F669ADE004E5817 /* ViewController.m */ = {isa = PBXFileReference; lastKnownFileType = sourcecode.c.objc; path = ViewController.m; sourceTree = "<group>"; };
		2F32AFC21F669ADE004E5817 /* Base */ = {isa = PBXFileReference; lastKnownFileType = file.storyboard; name = Base; path = Base.lproj/Main.storyboard; sourceTree = "<group>"; };
		2F32AFC41F669ADE004E5817 /* Assets.xcassets */ = {isa = PBXFileReference; lastKnownFileType = folder.assetcatalog; path = Assets.xcassets; sourceTree = "<group>"; };
		2F32AFC71F669ADE004E5817 /* Base */ = {isa = PBXFileReference; lastKnownFileType = file.storyboard; name = Base; path = Base.lproj/LaunchScreen.storyboard; sourceTree = "<group>"; };
		2F32AFC91F669ADE004E5817 /* Info.plist */ = {isa = PBXFileReference; lastKnownFileType = text.plist.xml; path = Info.plist; sourceTree = "<group>"; };
		2F32AFCE1F669ADE004E5817 /* beyourdimTests.xctest */ = {isa = PBXFileReference; explicitFileType = wrapper.cfbundle; includeInIndex = 0; path = beyourdimTests.xctest; sourceTree = BUILT_PRODUCTS_DIR; };
		2F32AFD21F669ADE004E5817 /* beyourdimTests.m */ = {isa = PBXFileReference; lastKnownFileType = sourcecode.c.objc; path = beyourdimTests.m; sourceTree = "<group>"; };
		2F32AFD41F669ADE004E5817 /* Info.plist */ = {isa = PBXFileReference; lastKnownFileType = text.plist.xml; path = Info.plist; sourceTree = "<group>"; };
		2F32AFD91F669ADE004E5817 /* beyourdimUITests.xctest */ = {isa = PBXFileReference; explicitFileType = wrapper.cfbundle; includeInIndex = 0; path = beyourdimUITests.xctest; sourceTree = BUILT_PRODUCTS_DIR; };
		2F32AFDD1F669ADE004E5817 /* beyourdimUITests.m */ = {isa = PBXFileReference; lastKnownFileType = sourcecode.c.objc; path = beyourdimUITests.m; sourceTree = "<group>"; };
		2F32AFDF1F669ADE004E5817 /* Info.plist */ = {isa = PBXFileReference; lastKnownFileType = text.plist.xml; path = Info.plist; sourceTree = "<group>"; };
/* End PBXFileReference section */

/* Begin PBXFrameworksBuildPhase section */
		2F32AFB21F669ADE004E5817 /* Frameworks */ = {
			isa = PBXFrameworksBuildPhase;
			buildActionMask = 2147483647;
			files = (
			);
			runOnlyForDeploymentPostprocessing = 0;
		};
		2F32AFCB1F669ADE004E5817 /* Frameworks */ = {
			isa = PBXFrameworksBuildPhase;
			buildActionMask = 2147483647;
			files = (
			);
			runOnlyForDeploymentPostprocessing = 0;
		};
		2F32AFD61F669ADE004E5817 /* Frameworks */ = {
			isa = PBXFrameworksBuildPhase;
			buildActionMask = 2147483647;
			files = (
			);
			runOnlyForDeploymentPostprocessing = 0;
		};
/* End PBXFrameworksBuildPhase section */

/* Begin PBXGroup section */
		2F32AFAC1F669ADE004E5817 = {
			isa = PBXGroup;
			children = (
				2F32AFB71F669ADE004E5817 /* beyourdim */,
				2F32AFD11F669ADE004E5817 /* beyourdimTests */,
				2F32AFDC1F669ADE004E5817 /* beyourdimUITests */,
				2F32AFB61F669ADE004E5817 /* Products */,
			);
			sourceTree = "<group>";
		};
		2F32AFB61F669ADE004E5817 /* Products */ = {
			isa = PBXGroup;
			children = (
				2F32AFB51F669ADE004E5817 /* beyourdim.app */,
				2F32AFCE1F669ADE004E5817 /* beyourdimTests.xctest */,
				2F32AFD91F669ADE004E5817 /* beyourdimUITests.xctest */,
			);
			name = Products;
			sourceTree = "<group>";
		};
		2F32AFB71F669ADE004E5817 /* beyourdim */ = {
			isa = PBXGroup;
			children = (
				2F32AFBB1F669ADE004E5817 /* AppDelegate.h */,
				2F32AFBC1F669ADE004E5817 /* AppDelegate.m */,
				2F32AFBE1F669ADE004E5817 /* ViewController.h */,
				2F32AFBF1F669ADE004E5817 /* ViewController.m */,
				2F32AFC11F669ADE004E5817 /* Main.storyboard */,
				2F32AFC41F669ADE004E5817 /* Assets.xcassets */,
				2F32AFC61F669ADE004E5817 /* LaunchScreen.storyboard */,
				2F32AFC91F669ADE004E5817 /* Info.plist */,
				2F32AFB81F669ADE004E5817 /* Supporting Files */,
			);
			path = beyourdim;
			sourceTree = "<group>";
		};
		2F32AFB81F669ADE004E5817 /* Supporting Files */ = {
			isa = PBXGroup;
			children = (
				2F32AFB91F669ADE004E5817 /* main.m */,
			);
			name = "Supporting Files";
			sourceTree = "<group>";
		};
		2F32AFD11F669ADE004E5817 /* beyourdimTests */ = {
			isa = PBXGroup;
			children = (
				2F32AFD21F669ADE004E5817 /* beyourdimTests.m */,
				2F32AFD41F669ADE004E5817 /* Info.plist */,
			);
			path = beyourdimTests;
			sourceTree = "<group>";
		};
		2F32AFDC1F669ADE004E5817 /* beyourdimUITests */ = {
			isa = PBXGroup;
			children = (
				2F32AFDD1F669ADE004E5817 /* beyourdimUITests.m */,
				2F32AFDF1F669ADE004E5817 /* Info.plist */,
			);
			path = beyourdimUITests;
			sourceTree = "<group>";
		};
/* End PBXGroup section */

/* Begin PBXNativeTarget section */
		2F32AFB41F669ADE004E5817 /* beyourdim */ = {
			isa = PBXNativeTarget;
			buildConfigurationList = 2F32AFE21F669ADE004E5817 /* Build configuration list for PBXNativeTarget "beyourdim" */;
			buildPhases = (
				2F32AFB11F669ADE004E5817 /* Sources */,
				2F32AFB21F669ADE004E5817 /* Frameworks */,
				2F32AFB31F669ADE004E5817 /* Resources */,
			);
			buildRules = (
			);
			dependencies = (
			);
			name = beyourdim;
			productName = beyourdim;
			productReference = 2F32AFB51F669ADE004E5817 /* beyourdim.app */;
			productType = "com.apple.product-type.application";
		};
		2F32AFCD1F669ADE004E5817 /* beyourdimTests */ = {
			isa = PBXNativeTarget;
			buildConfigurationList = 2F32AFE51F669ADE004E5817 /* Build configuration list for PBXNativeTarget "beyourdimTests" */;
			buildPhases = (
				2F32AFCA1F669ADE004E5817 /* Sources */,
				2F32AFCB1F669ADE004E5817 /* Frameworks */,
				2F32AFCC1F669ADE004E5817 /* Resources */,
			);
			buildRules = (
			);
			dependencies = (
				2F32AFD01F669ADE004E5817 /* PBXTargetDependency */,
			);
			name = beyourdimTests;
			productName = beyourdimTests;
			productReference = 2F32AFCE1F669ADE004E5817 /* beyourdimTests.xctest */;
			productType = "com.apple.product-type.bundle.unit-test";
		};
		2F32AFD81F669ADE004E5817 /* beyourdimUITests */ = {
			isa = PBXNativeTarget;
			buildConfigurationList = 2F32AFE81F669ADE004E5817 /* Build configuration list for PBXNativeTarget "beyourdimUITests" */;
			buildPhases = (
				2F32AFD51F669ADE004E5817 /* Sources */,
				2F32AFD61F669ADE004E5817 /* Frameworks */,
				2F32AFD71F669ADE004E5817 /* Resources */,
			);
			buildRules = (
			);
			dependencies = (
				2F32AFDB1F669ADE004E5817 /* PBXTargetDependency */,
			);
			name = beyourdimUITests;
			productName = beyourdimUITests;
			productReference = 2F32AFD91F669ADE004E5817 /* beyourdimUITests.xctest */;
			productType = "com.apple.product-type.bundle.ui-testing";
		};
/* End PBXNativeTarget section */

/* Begin PBXProject section */
		2F32AFAD1F669ADE004E5817 /* Project object */ = {
			isa = PBXProject;
			attributes = {
				LastUpgradeCheck = 0730;
				ORGANIZATIONNAME = lipengzhang;
				TargetAttributes = {
					2F32AFB41F669ADE004E5817 = {
						CreatedOnToolsVersion = 7.3.1;
					};
					2F32AFCD1F669ADE004E5817 = {
						CreatedOnToolsVersion = 7.3.1;
						TestTargetID = 2F32AFB41F669ADE004E5817;
					};
					2F32AFD81F669ADE004E5817 = {
						CreatedOnToolsVersion = 7.3.1;
						TestTargetID = 2F32AFB41F669ADE004E5817;
					};
				};
			};
			buildConfigurationList = 2F32AFB01F669ADE004E5817 /* Build configuration list for PBXProject "beyourdim" */;
			compatibilityVersion = "Xcode 3.2";
			developmentRegion = English;
			hasScannedForEncodings = 0;
			knownRegions = (
				en,
				Base,
			);
			mainGroup = 2F32AFAC1F669ADE004E5817;
			productRefGroup = 2F32AFB61F669ADE004E5817 /* Products */;
			projectDirPath = "";
			projectRoot = "";
			targets = (
				2F32AFB41F669ADE004E5817 /* beyourdim */,
				2F32AFCD1F669ADE004E5817 /* beyourdimTests */,
				2F32AFD81F669ADE004E5817 /* beyourdimUITests */,
			);
		};
/* End PBXProject section */

/* Begin PBXResourcesBuildPhase section */
		2F32AFB31F669ADE004E5817 /* Resources */ = {
			isa = PBXResourcesBuildPhase;
			buildActionMask = 2147483647;
			files = (
				2F32AFC81F669ADE004E5817 /* LaunchScreen.storyboard in Resources */,
				2F32AFC51F669ADE004E5817 /* Assets.xcassets in Resources */,
				2F32AFC31F669ADE004E5817 /* Main.storyboard in Resources */,
			);
			runOnlyForDeploymentPostprocessing = 0;
		};
		2F32AFCC1F669ADE004E5817 /* Resources */ = {
			isa = PBXResourcesBuildPhase;
			buildActionMask = 2147483647;
			files = (
			);
			runOnlyForDeploymentPostprocessing = 0;
		};
		2F32AFD71F669ADE004E5817 /* Resources */ = {
			isa = PBXResourcesBuildPhase;
			buildActionMask = 2147483647;
			files = (
			);
			runOnlyForDeploymentPostprocessing = 0;
		};
/* End PBXResourcesBuildPhase section */

/* Begin PBXSourcesBuildPhase section */
		2F32AFB11F669ADE004E5817 /* Sources */ = {
			isa = PBXSourcesBuildPhase;
			buildActionMask = 2147483647;
			files = (
				2F32AFC01F669ADE004E5817 /* ViewController.m in Sources */,
				2F32AFBD1F669ADE004E5817 /* AppDelegate.m in Sources */,
				2F32AFBA1F669ADE004E5817 /* main.m in Sources */,
			);
			runOnlyForDeploymentPostprocessing = 0;
		};
		2F32AFCA1F669ADE004E5817 /* Sources */ = {
			isa = PBXSourcesBuildPhase;
			buildActionMask = 2147483647;
			files = (
				2F32AFD31F669ADE004E5817 /* beyourdimTests.m in Sources */,
			);
			runOnlyForDeploymentPostprocessing = 0;
		};
		2F32AFD51F669ADE004E5817 /* Sources */ = {
			isa = PBXSourcesBuildPhase;
			buildActionMask = 2147483647;
			files = (
				2F32AFDE1F669ADE004E5817 /* beyourdimUITests.m in Sources */,
			);
			runOnlyForDeploymentPostprocessing = 0;
		};
/* End PBXSourcesBuildPhase section */

/* Begin PBXTargetDependency section */
		2F32AFD01F669ADE004E5817 /* PBXTargetDependency */ = {
			isa = PBXTargetDependency;
			target = 2F32AFB41F669ADE004E5817 /* beyourdim */;
			targetProxy = 2F32AFCF1F669ADE004E5817 /* PBXContainerItemProxy */;
		};
		2F32AFDB1F669ADE004E5817 /* PBXTargetDependency */ = {
			isa = PBXTargetDependency;
			target = 2F32AFB41F669ADE004E5817 /* beyourdim */;
			targetProxy = 2F32AFDA1F669ADE004E5817 /* PBXContainerItemProxy */;
		};
/* End PBXTargetDependency section */

/* Begin PBXVariantGroup section */
		2F32AFC11F669ADE004E5817 /* Main.storyboard */ = {
			isa = PBXVariantGroup;
			children = (
				2F32AFC21F669ADE004E5817 /* Base */,
			);
			name = Main.storyboard;
			sourceTree = "<group>";
		};
		2F32AFC61F669ADE004E5817 /* LaunchScreen.storyboard */ = {
			isa = PBXVariantGroup;
			children = (
				2F32AFC71F669ADE004E5817 /* Base */,
			);
			name = LaunchScreen.storyboard;
			sourceTree = "<group>";
		};
/* End PBXVariantGroup section */

/* Begin XCBuildConfiguration section */
		2F32AFE01F669ADE004E5817 /* Debug */ = {
			isa = XCBuildConfiguration;
			buildSettings = {
				ALWAYS_SEARCH_USER_PATHS = NO;
				CLANG_ANALYZER_NONNULL = YES;
				CLANG_CXX_LANGUAGE_STANDARD = "gnu++0x";
				CLANG_CXX_LIBRARY = "libc++";
				CLANG_ENABLE_MODULES = YES;
				CLANG_ENABLE_OBJC_ARC = YES;
				CLANG_WARN_BOOL_CONVERSION = YES;
				CLANG_WARN_CONSTANT_CONVERSION = YES;
				CLANG_WARN_DIRECT_OBJC_ISA_USAGE = YES_ERROR;
				CLANG_WARN_EMPTY_BODY = YES;
				CLANG_WARN_ENUM_CONVERSION = YES;
				CLANG_WARN_INT_CONVERSION = YES;
				CLANG_WARN_OBJC_ROOT_CLASS = YES_ERROR;
				CLANG_WARN_UNREACHABLE_CODE = YES;
				CLANG_WARN__DUPLICATE_METHOD_MATCH = YES;
				"CODE_SIGN_IDENTITY[sdk=iphoneos*]" = "iPhone Developer";
				COPY_PHASE_STRIP = NO;
				DEBUG_INFORMATION_FORMAT = dwarf;
				ENABLE_STRICT_OBJC_MSGSEND = YES;
				ENABLE_TESTABILITY = YES;
				GCC_C_LANGUAGE_STANDARD = gnu99;
				GCC_DYNAMIC_NO_PIC = NO;
				GCC_NO_COMMON_BLOCKS = YES;
				GCC_OPTIMIZATION_LEVEL = 0;
				GCC_PREPROCESSOR_DEFINITIONS = (
					"DEBUG=1",
					"$(inherited)",
				);
				GCC_WARN_64_TO_32_BIT_CONVERSION = YES;
				GCC_WARN_ABOUT_RETURN_TYPE = YES_ERROR;
				GCC_WARN_UNDECLARED_SELECTOR = YES;
				GCC_WARN_UNINITIALIZED_AUTOS = YES_AGGRESSIVE;
				GCC_WARN_UNUSED_FUNCTION = YES;
				GCC_WARN_UNUSED_VARIABLE = YES;
				IPHONEOS_DEPLOYMENT_TARGET = 9.3;
				MTL_ENABLE_DEBUG_INFO = YES;
				ONLY_ACTIVE_ARCH = YES;
				SDKROOT = iphoneos;
				TARGETED_DEVICE_FAMILY = "1,2";
			};
			name = Debug;
		};
		2F32AFE11F669ADE004E5817 /* Release */ = {
			isa = XCBuildConfiguration;
			buildSettings = {
				ALWAYS_SEARCH_USER_PATHS = NO;
				CLANG_ANALYZER_NONNULL = YES;
				CLANG_CXX_LANGUAGE_STANDARD = "gnu++0x";
				CLANG_CXX_LIBRARY = "libc++";
				CLANG_ENABLE_MODULES = YES;
				CLANG_ENABLE_OBJC_ARC = YES;
				CLANG_WARN_BOOL_CONVERSION = YES;
				CLANG_WARN_CONSTANT_CONVERSION = YES;
				CLANG_WARN_DIRECT_OBJC_ISA_USAGE = YES_ERROR;
				CLANG_WARN_EMPTY_BODY = YES;
				CLANG_WARN_ENUM_CONVERSION = YES;
				CLANG_WARN_INT_CONVERSION = YES;
				CLANG_WARN_OBJC_ROOT_CLASS = YES_ERROR;
				CLANG_WARN_UNREACHABLE_CODE = YES;
				CLANG_WARN__DUPLICATE_METHOD_MATCH = YES;
				"CODE_SIGN_IDENTITY[sdk=iphoneos*]" = "iPhone Developer";
				COPY_PHASE_STRIP = NO;
				DEBUG_INFORMATION_FORMAT = "dwarf-with-dsym";
				ENABLE_NS_ASSERTIONS = NO;
				ENABLE_STRICT_OBJC_MSGSEND = YES;
				GCC_C_LANGUAGE_STANDARD = gnu99;
				GCC_NO_COMMON_BLOCKS = YES;
				GCC_WARN_64_TO_32_BIT_CONVERSION = YES;
				GCC_WARN_ABOUT_RETURN_TYPE = YES_ERROR;
				GCC_WARN_UNDECLARED_SELECTOR = YES;
				GCC_WARN_UNINITIALIZED_AUTOS = YES_AGGRESSIVE;
				GCC_WARN_UNUSED_FUNCTION = YES;
				GCC_WARN_UNUSED_VARIABLE = YES;
				IPHONEOS_DEPLOYMENT_TARGET = 9.3;
				MTL_ENABLE_DEBUG_INFO = NO;
				SDKROOT = iphoneos;
				TARGETED_DEVICE_FAMILY = "1,2";
				VALIDATE_PRODUCT = YES;
			};
			name = Release;
		};
		2F32AFE31F669ADE004E5817 /* Debug */ = {
			isa = XCBuildConfiguration;
			buildSettings = {
				ASSETCATALOG_COMPILER_APPICON_NAME = AppIcon;
				INFOPLIST_FILE = beyourdim/Info.plist;
				LD_RUNPATH_SEARCH_PATHS = "$(inherited) @executable_path/Frameworks";
				PRODUCT_BUNDLE_IDENTIFIER = beyourdimond.beyourdim;
				PRODUCT_NAME = "$(TARGET_NAME)";
			};
			name = Debug;
		};
		2F32AFE41F669ADE004E5817 /* Release */ = {
			isa = XCBuildConfiguration;
			buildSettings = {
				ASSETCATALOG_COMPILER_APPICON_NAME = AppIcon;
				INFOPLIST_FILE = beyourdim/Info.plist;
				LD_RUNPATH_SEARCH_PATHS = "$(inherited) @executable_path/Frameworks";
				PRODUCT_BUNDLE_IDENTIFIER = beyourdimond.beyourdim;
				PRODUCT_NAME = "$(TARGET_NAME)";
			};
			name = Release;
		};
		2F32AFE61F669ADE004E5817 /* Debug */ = {
			isa = XCBuildConfiguration;
			buildSettings = {
				BUNDLE_LOADER = "$(TEST_HOST)";
				INFOPLIST_FILE = beyourdimTests/Info.plist;
				LD_RUNPATH_SEARCH_PATHS = "$(inherited) @executable_path/Frameworks @loader_path/Frameworks";
				PRODUCT_BUNDLE_IDENTIFIER = beyourdimond.beyourdimTests;
				PRODUCT_NAME = "$(TARGET_NAME)";
				TEST_HOST = "$(BUILT_PRODUCTS_DIR)/beyourdim.app/beyourdim";
			};
			name = Debug;
		};
		2F32AFE71F669ADE004E5817 /* Release */ = {
			isa = XCBuildConfiguration;
			buildSettings = {
				BUNDLE_LOADER = "$(TEST_HOST)";
				INFOPLIST_FILE = beyourdimTests/Info.plist;
				LD_RUNPATH_SEARCH_PATHS = "$(inherited) @executable_path/Frameworks @loader_path/Frameworks";
				PRODUCT_BUNDLE_IDENTIFIER = beyourdimond.beyourdimTests;
				PRODUCT_NAME = "$(TARGET_NAME)";
				TEST_HOST = "$(BUILT_PRODUCTS_DIR)/beyourdim.app/beyourdim";
			};
			name = Release;
		};
		2F32AFE91F669ADE004E5817 /* Debug */ = {
			isa = XCBuildConfiguration;
			buildSettings = {
				INFOPLIST_FILE = beyourdimUITests/Info.plist;
				LD_RUNPATH_SEARCH_PATHS = "$(inherited) @executable_path/Frameworks @loader_path/Frameworks";
				PRODUCT_BUNDLE_IDENTIFIER = beyourdimond.beyourdimUITests;
				PRODUCT_NAME = "$(TARGET_NAME)";
				TEST_TARGET_NAME = beyourdim;
			};
			name = Debug;
		};
		2F32AFEA1F669ADE004E5817 /* Release */ = {
			isa = XCBuildConfiguration;
			buildSettings = {
				INFOPLIST_FILE = beyourdimUITests/Info.plist;
				LD_RUNPATH_SEARCH_PATHS = "$(inherited) @executable_path/Frameworks @loader_path/Frameworks";
				PRODUCT_BUNDLE_IDENTIFIER = beyourdimond.beyourdimUITests;
				PRODUCT_NAME = "$(TARGET_NAME)";
				TEST_TARGET_NAME = beyourdim;
			};
			name = Release;
		};
/* End XCBuildConfiguration section */

/* Begin XCConfigurationList section */
		2F32AFB01F669ADE004E5817 /* Build configuration list for PBXProject "beyourdim" */ = {
			isa = XCConfigurationList;
			buildConfigurations = (
				2F32AFE01F669ADE004E5817 /* Debug */,
				2F32AFE11F669ADE004E5817 /* Release */,
			);
			defaultConfigurationIsVisible = 0;
			defaultConfigurationName = Release;
		};
		2F32AFE21F669ADE004E5817 /* Build configuration list for PBXNativeTarget "beyourdim" */ = {
			isa = XCConfigurationList;
			buildConfigurations = (
				2F32AFE31F669ADE004E5817 /* Debug */,
				2F32AFE41F669ADE004E5817 /* Release */,
			);
			defaultConfigurationIsVisible = 0;
		};
		2F32AFE51F669ADE004E5817 /* Build configuration list for PBXNativeTarget "beyourdimTests" */ = {
			isa = XCConfigurationList;
			buildConfigurations = (
				2F32AFE61F669ADE004E5817 /* Debug */,
				2F32AFE71F669ADE004E5817 /* Release */,
			);
			defaultConfigurationIsVisible = 0;
		};
		2F32AFE81F669ADE004E5817 /* Build configuration list for PBXNativeTarget "beyourdimUITests" */ = {
			isa = XCConfigurationList;
			buildConfigurations = (
				2F32AFE91F669ADE004E5817 /* Debug */,
				2F32AFEA1F669ADE004E5817 /* Release */,
			);
			defaultConfigurationIsVisible = 0;
		};
/* End XCConfigurationList section */
	};
	rootObject = 2F32AFAD1F669ADE004E5817 /* Project object */;
}
